
Microsoft Visual Studio Solution File, Format Version 12.00
# Visual Studio 14
VisualStudioVersion = 14.0.25420.1
MinimumVisualStudioVersion = 10.0.40219.1
Project("{FAE04EC0-301F-11D3-BF4B-00C04F79EFBC}") = "asptest001", "asptest001\asptest001.csproj", "{FC0108E6-E2FE-4E7B-BC3E-23FE0987ABA4}"
EndProject
Project("{FAE04EC0-301F-11D3-BF4B-00C04F79EFBC}") = "api_insEXchange", "api_insEXchange\api_insEXchange.csproj", "{6EAB3242-8A02-4463-88A2-8F7EBD8A8E04}"
EndProject
Global
	GlobalSection(SolutionConfigurationPlatforms) = preSolution
		Debug|Any CPU = Debug|Any CPU
		Release|Any CPU = Release|Any CPU
	EndGlobalSection
	GlobalSection(ProjectConfigurationPlatforms) = postSolution
		{FC0108E6-E2FE-4E7B-BC3E-23FE0987ABA4}.Debug|Any CPU.ActiveCfg = Debug|Any CPU
		{FC0108E6-E2FE-4E7B-BC3E-23FE0987ABA4}.Debug|Any CPU.Build.0 = Debug|Any CPU
		{FC0108E6-E2FE-4E7B-BC3E-23FE0987ABA4}.Release|Any CPU.ActiveCfg = Release|Any CPU
		{FC0108E6-E2FE-4E7B-BC3E-23FE0987ABA4}.Release|Any CPU.Build.0 = Release|Any CPU
		{6EAB3242-8A02-4463-88A2-8F7EBD8A8E04}.Debug|Any CPU.ActiveCfg = Debug|Any CPU
		{6EAB3242-8A02-4463-88A2-8F7EBD8A8E04}.Debug|Any CPU.Build.0 = Debug|Any CPU
		{6EAB3242-8A02-4463-88A2-8F7EBD8A8E04}.Release|Any CPU.ActiveCfg = Release|Any CPU
		{6EAB3242-8A02-4463-88A2-8F7EBD8A8E04}.Release|Any CPU.Build.0 = Release|Any CPU
	EndGlobalSection
	GlobalSection(SolutionProperties) = preSolution
		HideSolutionNode = FALSE
	EndGlobalSection
EndGlobal
